
Microsoft Visual Studio Solution File, Format Version 12.00
# Visual Studio Version 17
VisualStudioVersion = 17.9.34714.143
MinimumVisualStudioVersion = 10.0.40219.1
Project("{FAE04EC0-301F-11D3-BF4B-00C04F79EFBC}") = "Quiz_Management", "Quiz_Management.csproj", "{F64718B2-7097-48ED-A279-758A7D4C7EBF}"
EndProject
Global
	GlobalSection(SolutionConfigurationPlatforms) = preSolution
		Debug|Any CPU = Debug|Any CPU
		Release|Any CPU = Release|Any CPU
	EndGlobalSection
	GlobalSection(ProjectConfigurationPlatforms) = postSolution
		{F64718B2-7097-48ED-A279-758A7D4C7EBF}.Debug|Any CPU.ActiveCfg = Debug|Any CPU
		{F64718B2-7097-48ED-A279-758A7D4C7EBF}.Debug|Any CPU.Build.0 = Debug|Any CPU
		{F64718B2-7097-48ED-A279-758A7D4C7EBF}.Release|Any CPU.ActiveCfg = Release|Any CPU
		{F64718B2-7097-48ED-A279-758A7D4C7EBF}.Release|Any CPU.Build.0 = Release|Any CPU
	EndGlobalSection
	GlobalSection(SolutionProperties) = preSolution
		HideSolutionNode = FALSE
	EndGlobalSection
	GlobalSection(ExtensibilityGlobals) = postSolution
		SolutionGuid = {5AA5C6C2-F5B9-4E8E-9911-1BD7EC6BF4DF}
	EndGlobalSection
EndGlobal
